
Microsoft Visual Studio Solution File, Format Version 12.00
# Visual Studio Version 16
VisualStudioVersion = 16.0.30611.23
MinimumVisualStudioVersion = 10.0.40219.1
Project("{FAE04EC0-301F-11D3-BF4B-00C04F79EFBC}") = "Project_1_Food_Recipe", "Project_1_Food_Recipe\Project_1_Food_Recipe.csproj", "{83D3FABA-30B4-466A-BCAE-28DE9E7DE2EC}"
EndProject
Global
	GlobalSection(SolutionConfigurationPlatforms) = preSolution
		Debug|Any CPU = Debug|Any CPU
		Release|Any CPU = Release|Any CPU
	EndGlobalSection
	GlobalSection(ProjectConfigurationPlatforms) = postSolution
		{83D3FABA-30B4-466A-BCAE-28DE9E7DE2EC}.Debug|Any CPU.ActiveCfg = Debug|Any CPU
		{83D3FABA-30B4-466A-BCAE-28DE9E7DE2EC}.Debug|Any CPU.Build.0 = Debug|Any CPU
		{83D3FABA-30B4-466A-BCAE-28DE9E7DE2EC}.Release|Any CPU.ActiveCfg = Release|Any CPU
		{83D3FABA-30B4-466A-BCAE-28DE9E7DE2EC}.Release|Any CPU.Build.0 = Release|Any CPU
	EndGlobalSection
	GlobalSection(SolutionProperties) = preSolution
		HideSolutionNode = FALSE
	EndGlobalSection
	GlobalSection(ExtensibilityGlobals) = postSolution
		SolutionGuid = {7FE305BC-1AC1-433B-B1F7-01B2CEC7D2A8}
	EndGlobalSection
EndGlobal
